// !$*UTF8*$!
{
	archiveVersion = 1;
	classes = {
	};
	objectVersion = 48;
	objects = {

/* Begin PBXBuildFile section */
		7606BDD720FF471300D90D73 /* SignUpControllerViewModel.swift in Sources */ = {isa = PBXBuildFile; fileRef = 7606BDD320FF471300D90D73 /* SignUpControllerViewModel.swift */; };
		7606BDD820FF471300D90D73 /* SignUpRouter.swift in Sources */ = {isa = PBXBuildFile; fileRef = 7606BDD420FF471300D90D73 /* SignUpRouter.swift */; };
		7606BDD920FF471300D90D73 /* SignUpViewController.swift in Sources */ = {isa = PBXBuildFile; fileRef = 7606BDD520FF471300D90D73 /* SignUpViewController.swift */; };
		7606BDDA20FF471300D90D73 /* SignUpViewModel.swift in Sources */ = {isa = PBXBuildFile; fileRef = 7606BDD620FF471300D90D73 /* SignUpViewModel.swift */; };
		761B6CB220EA75DE0019A71D /* TimeInterval+Extension.swift in Sources */ = {isa = PBXBuildFile; fileRef = 761B6CB120EA75DE0019A71D /* TimeInterval+Extension.swift */; };
		76310DC920F5E91100140D03 /* RestApiResponse.swift in Sources */ = {isa = PBXBuildFile; fileRef = 76310DC820F5E91100140D03 /* RestApiResponse.swift */; };
		76310DCB20F5F30800140D03 /* Alamofire+Extension.swift in Sources */ = {isa = PBXBuildFile; fileRef = 76310DCA20F5F30800140D03 /* Alamofire+Extension.swift */; };
		76310DCD20F6252200140D03 /* AddonState.swift in Sources */ = {isa = PBXBuildFile; fileRef = 76310DCC20F6252200140D03 /* AddonState.swift */; };
		76310DCF20F6343A00140D03 /* CheckAddons.swift in Sources */ = {isa = PBXBuildFile; fileRef = 76310DCE20F6343A00140D03 /* CheckAddons.swift */; };
		763C904C20FCBABD007C1F86 /* TabBarControllerViewModel.swift in Sources */ = {isa = PBXBuildFile; fileRef = 763C904820FCBABD007C1F86 /* TabBarControllerViewModel.swift */; };
		763C904D20FCBABD007C1F86 /* TabBarRouter.swift in Sources */ = {isa = PBXBuildFile; fileRef = 763C904920FCBABD007C1F86 /* TabBarRouter.swift */; };
		763C904E20FCBABD007C1F86 /* TabBarViewController.swift in Sources */ = {isa = PBXBuildFile; fileRef = 763C904A20FCBABD007C1F86 /* TabBarViewController.swift */; };
		763C904F20FCBABD007C1F86 /* TabBarViewModel.swift in Sources */ = {isa = PBXBuildFile; fileRef = 763C904B20FCBABD007C1F86 /* TabBarViewModel.swift */; };
		763C905720FDDE96007C1F86 /* AuthorizationControllerViewModel.swift in Sources */ = {isa = PBXBuildFile; fileRef = 763C905320FDDE96007C1F86 /* AuthorizationControllerViewModel.swift */; };
		763C905820FDDE96007C1F86 /* AuthorizationRouter.swift in Sources */ = {isa = PBXBuildFile; fileRef = 763C905420FDDE96007C1F86 /* AuthorizationRouter.swift */; };
		763C905920FDDE96007C1F86 /* AuthorizationViewController.swift in Sources */ = {isa = PBXBuildFile; fileRef = 763C905520FDDE96007C1F86 /* AuthorizationViewController.swift */; };
		763C905A20FDDE96007C1F86 /* AuthorizationViewModel.swift in Sources */ = {isa = PBXBuildFile; fileRef = 763C905620FDDE96007C1F86 /* AuthorizationViewModel.swift */; };
		763C905E20FDF5BA007C1F86 /* Application.swift in Sources */ = {isa = PBXBuildFile; fileRef = 763C905D20FDF5BA007C1F86 /* Application.swift */; };
		764CC02A20F8D4FF009C3D28 /* PlayerState.swift in Sources */ = {isa = PBXBuildFile; fileRef = 764CC02920F8D4FF009C3D28 /* PlayerState.swift */; };
		7650961220E2615F00BF1F79 /* WebSocketService.swift in Sources */ = {isa = PBXBuildFile; fileRef = 7650961120E2615F00BF1F79 /* WebSocketService.swift */; };
		7650961520E3A15D00BF1F79 /* Track.swift in Sources */ = {isa = PBXBuildFile; fileRef = 7650961420E3A15D00BF1F79 /* Track.swift */; };
		7650961720E3A8C600BF1F79 /* AudioFile.swift in Sources */ = {isa = PBXBuildFile; fileRef = 7650961620E3A8C600BF1F79 /* AudioFile.swift */; };
		7650961920E3B35000BF1F79 /* WebSocketCommand.swift in Sources */ = {isa = PBXBuildFile; fileRef = 7650961820E3B35000BF1F79 /* WebSocketCommand.swift */; };
		7650961B20E4DC7800BF1F79 /* Artist.swift in Sources */ = {isa = PBXBuildFile; fileRef = 7650961A20E4DC7800BF1F79 /* Artist.swift */; };
		7650961D20E4E11C00BF1F79 /* TrackId.swift in Sources */ = {isa = PBXBuildFile; fileRef = 7650961C20E4E11C00BF1F79 /* TrackId.swift */; };
		7650961F20E4E45000BF1F79 /* TrackState.swift in Sources */ = {isa = PBXBuildFile; fileRef = 7650961E20E4E45000BF1F79 /* TrackState.swift */; };
		7650962120E5029200BF1F79 /* Observable.swift in Sources */ = {isa = PBXBuildFile; fileRef = 7650962020E5029200BF1F79 /* Observable.swift */; };
		7650962320E5238100BF1F79 /* PlayListItem.swift in Sources */ = {isa = PBXBuildFile; fileRef = 7650962220E5238100BF1F79 /* PlayListItem.swift */; };
		7650962520E662D100BF1F79 /* RestApiService.swift in Sources */ = {isa = PBXBuildFile; fileRef = 7650962420E662D100BF1F79 /* RestApiService.swift */; };
		7655476E20EB80DC004AC0BD /* Token.swift in Sources */ = {isa = PBXBuildFile; fileRef = 7655476D20EB80DC004AC0BD /* Token.swift */; };
		7655477120EBA5A2004AC0BD /* String+Extension.swift in Sources */ = {isa = PBXBuildFile; fileRef = 7655477020EBA5A2004AC0BD /* String+Extension.swift */; };
		7665332D20FE26A600FEC702 /* RestApiServiceError.swift in Sources */ = {isa = PBXBuildFile; fileRef = 7665332C20FE26A600FEC702 /* RestApiServiceError.swift */; };
		7665333320FE470C00FEC702 /* HomeControllerViewModel.swift in Sources */ = {isa = PBXBuildFile; fileRef = 7665332F20FE470C00FEC702 /* HomeControllerViewModel.swift */; };
		7665333420FE470C00FEC702 /* HomeRouter.swift in Sources */ = {isa = PBXBuildFile; fileRef = 7665333020FE470C00FEC702 /* HomeRouter.swift */; };
		7665333520FE470C00FEC702 /* HomeViewController.swift in Sources */ = {isa = PBXBuildFile; fileRef = 7665333120FE470C00FEC702 /* HomeViewController.swift */; };
		7665333620FE470C00FEC702 /* HomeViewModel.swift in Sources */ = {isa = PBXBuildFile; fileRef = 7665333220FE470C00FEC702 /* HomeViewModel.swift */; };
		7665333C20FF1B2E00FEC702 /* SettingsControllerViewModel.swift in Sources */ = {isa = PBXBuildFile; fileRef = 7665333820FF1B2E00FEC702 /* SettingsControllerViewModel.swift */; };
		7665333D20FF1B2E00FEC702 /* SettingsRouter.swift in Sources */ = {isa = PBXBuildFile; fileRef = 7665333920FF1B2E00FEC702 /* SettingsRouter.swift */; };
		7665333E20FF1B2E00FEC702 /* SettingsViewController.swift in Sources */ = {isa = PBXBuildFile; fileRef = 7665333A20FF1B2E00FEC702 /* SettingsViewController.swift */; };
		7665333F20FF1B2E00FEC702 /* SettingsViewModel.swift in Sources */ = {isa = PBXBuildFile; fileRef = 7665333B20FF1B2E00FEC702 /* SettingsViewModel.swift */; };
		7665334520FF1CFA00FEC702 /* PagesControllerViewModel.swift in Sources */ = {isa = PBXBuildFile; fileRef = 7665334120FF1CFA00FEC702 /* PagesControllerViewModel.swift */; };
		7665334620FF1CFA00FEC702 /* PagesRouter.swift in Sources */ = {isa = PBXBuildFile; fileRef = 7665334220FF1CFA00FEC702 /* PagesRouter.swift */; };
		7665334720FF1CFA00FEC702 /* PagesViewController.swift in Sources */ = {isa = PBXBuildFile; fileRef = 7665334320FF1CFA00FEC702 /* PagesViewController.swift */; };
		7665334820FF1CFA00FEC702 /* PagesViewModel.swift in Sources */ = {isa = PBXBuildFile; fileRef = 7665334420FF1CFA00FEC702 /* PagesViewModel.swift */; };
		7665334E20FF1DE300FEC702 /* ProfileControllerViewModel.swift in Sources */ = {isa = PBXBuildFile; fileRef = 7665334A20FF1DE300FEC702 /* ProfileControllerViewModel.swift */; };
		7665334F20FF1DE300FEC702 /* ProfileRouter.swift in Sources */ = {isa = PBXBuildFile; fileRef = 7665334B20FF1DE300FEC702 /* ProfileRouter.swift */; };
		7665335020FF1DE300FEC702 /* ProfileViewController.swift in Sources */ = {isa = PBXBuildFile; fileRef = 7665334C20FF1DE300FEC702 /* ProfileViewController.swift */; };
		7665335120FF1DE300FEC702 /* ProfileViewModel.swift in Sources */ = {isa = PBXBuildFile; fileRef = 7665334D20FF1DE300FEC702 /* ProfileViewModel.swift */; };
		7665335720FF414300FEC702 /* SignInControllerViewModel.swift in Sources */ = {isa = PBXBuildFile; fileRef = 7665335320FF414300FEC702 /* SignInControllerViewModel.swift */; };
		7665335820FF414300FEC702 /* SignInRouter.swift in Sources */ = {isa = PBXBuildFile; fileRef = 7665335420FF414300FEC702 /* SignInRouter.swift */; };
		7665335920FF414300FEC702 /* SignInViewController.swift in Sources */ = {isa = PBXBuildFile; fileRef = 7665335520FF414300FEC702 /* SignInViewController.swift */; };
		7665335A20FF414300FEC702 /* SignInViewModel.swift in Sources */ = {isa = PBXBuildFile; fileRef = 7665335620FF414300FEC702 /* SignInViewModel.swift */; };
		766B02FE21009505005AB2B6 /* PlayerError.swift in Sources */ = {isa = PBXBuildFile; fileRef = 766B02FD21009505005AB2B6 /* PlayerError.swift */; };
		767289C620ED1A13008A86B6 /* Player.swift in Sources */ = {isa = PBXBuildFile; fileRef = 767289C420ED1A13008A86B6 /* Player.swift */; };
		767289C720ED1A13008A86B6 /* PlayList.swift in Sources */ = {isa = PBXBuildFile; fileRef = 767289C520ED1A13008A86B6 /* PlayList.swift */; };
		768EC2C820F4EBD000629F1B /* Dictionary+Extension.swift in Sources */ = {isa = PBXBuildFile; fileRef = 768EC2C720F4EBD000629F1B /* Dictionary+Extension.swift */; };
		768EC2CB20F4FB1000629F1B /* Addon.swift in Sources */ = {isa = PBXBuildFile; fileRef = 768EC2CA20F4FB1000629F1B /* Addon.swift */; };
		76DB5ABD20E684A60008D2FE /* User.swift in Sources */ = {isa = PBXBuildFile; fileRef = 76DB5ABC20E684A60008D2FE /* User.swift */; };
		76EDBD1520F73DCC0021297F /* PlayerQueue.swift in Sources */ = {isa = PBXBuildFile; fileRef = 76EDBD1420F73DCC0021297F /* PlayerQueue.swift */; };
		76EDBD1920F78FCD0021297F /* AppError.swift in Sources */ = {isa = PBXBuildFile; fileRef = 76EDBD1820F78FCD0021297F /* AppError.swift */; };
		76EDBD1B20F796FF0021297F /* WebSocketServiceError.swift in Sources */ = {isa = PBXBuildFile; fileRef = 76EDBD1A20F796FF0021297F /* WebSocketServiceError.swift */; };
		76F1FA4820DBA8DE00C9191F /* LaunchScreen.storyboard in Resources */ = {isa = PBXBuildFile; fileRef = 76F1FA3F20DBA8DE00C9191F /* LaunchScreen.storyboard */; };
		76F1FA4920DBA8DE00C9191F /* Main.storyboard in Resources */ = {isa = PBXBuildFile; fileRef = 76F1FA4120DBA8DE00C9191F /* Main.storyboard */; };
		76F1FA4C20DBA8DE00C9191F /* AppDelegate.swift in Sources */ = {isa = PBXBuildFile; fileRef = 76F1FA4620DBA8DE00C9191F /* AppDelegate.swift */; };
		76F1FA4E20DBA92F00C9191F /* Assets.xcassets in Resources */ = {isa = PBXBuildFile; fileRef = 76F1FA4D20DBA92F00C9191F /* Assets.xcassets */; };
		76F1FA5020DBA96200C9191F /* RhythmicRebellion.swift in Sources */ = {isa = PBXBuildFile; fileRef = 76F1FA4F20DBA96200C9191F /* RhythmicRebellion.swift */; };
		76F1FA5D20DBA9FF00C9191F /* AppControllerViewModel.swift in Sources */ = {isa = PBXBuildFile; fileRef = 76F1FA5920DBA9FF00C9191F /* AppControllerViewModel.swift */; };
		76F1FA5E20DBA9FF00C9191F /* AppRouter.swift in Sources */ = {isa = PBXBuildFile; fileRef = 76F1FA5A20DBA9FF00C9191F /* AppRouter.swift */; };
		76F1FA5F20DBA9FF00C9191F /* AppViewController.swift in Sources */ = {isa = PBXBuildFile; fileRef = 76F1FA5B20DBA9FF00C9191F /* AppViewController.swift */; };
		76F1FA6020DBA9FF00C9191F /* AppViewModel.swift in Sources */ = {isa = PBXBuildFile; fileRef = 76F1FA5C20DBA9FF00C9191F /* AppViewModel.swift */; };
		76F1FA6620DBAEEC00C9191F /* PlayerControllerViewModel.swift in Sources */ = {isa = PBXBuildFile; fileRef = 76F1FA6220DBAEEC00C9191F /* PlayerControllerViewModel.swift */; };
		76F1FA6720DBAEEC00C9191F /* PlayerRouter.swift in Sources */ = {isa = PBXBuildFile; fileRef = 76F1FA6320DBAEEC00C9191F /* PlayerRouter.swift */; };
		76F1FA6820DBAEEC00C9191F /* PlayerViewController.swift in Sources */ = {isa = PBXBuildFile; fileRef = 76F1FA6420DBAEEC00C9191F /* PlayerViewController.swift */; };
		76F1FA6920DBAEEC00C9191F /* PlayerViewModel.swift in Sources */ = {isa = PBXBuildFile; fileRef = 76F1FA6520DBAEEC00C9191F /* PlayerViewModel.swift */; };
		76F1FA6C20DBD96C00C9191F /* RoundedButton.swift in Sources */ = {isa = PBXBuildFile; fileRef = 76F1FA6B20DBD96C00C9191F /* RoundedButton.swift */; };
		76F1FA6E20DD161A00C9191F /* RoundedLabel.swift in Sources */ = {isa = PBXBuildFile; fileRef = 76F1FA6D20DD161A00C9191F /* RoundedLabel.swift */; };
		76F1FA7020E0E53200C9191F /* TabBarRegular.swift in Sources */ = {isa = PBXBuildFile; fileRef = 76F1FA6F20E0E53200C9191F /* TabBarRegular.swift */; };
		F36396C3EBC6647FA74987E9 /* Pods_RhythmicRebellion.framework in Frameworks */ = {isa = PBXBuildFile; fileRef = 6165EDC869B9752E26C17DD8 /* Pods_RhythmicRebellion.framework */; };
/* End PBXBuildFile section */

/* Begin PBXFileReference section */
		6165EDC869B9752E26C17DD8 /* Pods_RhythmicRebellion.framework */ = {isa = PBXFileReference; explicitFileType = wrapper.framework; includeInIndex = 0; path = Pods_RhythmicRebellion.framework; sourceTree = BUILT_PRODUCTS_DIR; };
		66178C740DE1BEC2147F6CD6 /* Pods-RhythmicRebellion.debug.xcconfig */ = {isa = PBXFileReference; includeInIndex = 1; lastKnownFileType = text.xcconfig; name = "Pods-RhythmicRebellion.debug.xcconfig"; path = "Pods/Target Support Files/Pods-RhythmicRebellion/Pods-RhythmicRebellion.debug.xcconfig"; sourceTree = "<group>"; };
		7606BDD320FF471300D90D73 /* SignUpControllerViewModel.swift */ = {isa = PBXFileReference; lastKnownFileType = sourcecode.swift; path = SignUpControllerViewModel.swift; sourceTree = "<group>"; };
		7606BDD420FF471300D90D73 /* SignUpRouter.swift */ = {isa = PBXFileReference; lastKnownFileType = sourcecode.swift; path = SignUpRouter.swift; sourceTree = "<group>"; };
		7606BDD520FF471300D90D73 /* SignUpViewController.swift */ = {isa = PBXFileReference; lastKnownFileType = sourcecode.swift; path = SignUpViewController.swift; sourceTree = "<group>"; };
		7606BDD620FF471300D90D73 /* SignUpViewModel.swift */ = {isa = PBXFileReference; lastKnownFileType = sourcecode.swift; path = SignUpViewModel.swift; sourceTree = "<group>"; };
		761B6CB120EA75DE0019A71D /* TimeInterval+Extension.swift */ = {isa = PBXFileReference; lastKnownFileType = sourcecode.swift; path = "TimeInterval+Extension.swift"; sourceTree = "<group>"; };
		76310DC820F5E91100140D03 /* RestApiResponse.swift */ = {isa = PBXFileReference; lastKnownFileType = sourcecode.swift; path = RestApiResponse.swift; sourceTree = "<group>"; };
		76310DCA20F5F30800140D03 /* Alamofire+Extension.swift */ = {isa = PBXFileReference; lastKnownFileType = sourcecode.swift; path = "Alamofire+Extension.swift"; sourceTree = "<group>"; };
		76310DCC20F6252200140D03 /* AddonState.swift */ = {isa = PBXFileReference; lastKnownFileType = sourcecode.swift; path = AddonState.swift; sourceTree = "<group>"; };
		76310DCE20F6343A00140D03 /* CheckAddons.swift */ = {isa = PBXFileReference; lastKnownFileType = sourcecode.swift; path = CheckAddons.swift; sourceTree = "<group>"; };
		763C904820FCBABD007C1F86 /* TabBarControllerViewModel.swift */ = {isa = PBXFileReference; lastKnownFileType = sourcecode.swift; path = TabBarControllerViewModel.swift; sourceTree = "<group>"; };
		763C904920FCBABD007C1F86 /* TabBarRouter.swift */ = {isa = PBXFileReference; lastKnownFileType = sourcecode.swift; path = TabBarRouter.swift; sourceTree = "<group>"; };
		763C904A20FCBABD007C1F86 /* TabBarViewController.swift */ = {isa = PBXFileReference; lastKnownFileType = sourcecode.swift; path = TabBarViewController.swift; sourceTree = "<group>"; };
		763C904B20FCBABD007C1F86 /* TabBarViewModel.swift */ = {isa = PBXFileReference; lastKnownFileType = sourcecode.swift; path = TabBarViewModel.swift; sourceTree = "<group>"; };
		763C905320FDDE96007C1F86 /* AuthorizationControllerViewModel.swift */ = {isa = PBXFileReference; lastKnownFileType = sourcecode.swift; path = AuthorizationControllerViewModel.swift; sourceTree = "<group>"; };
		763C905420FDDE96007C1F86 /* AuthorizationRouter.swift */ = {isa = PBXFileReference; lastKnownFileType = sourcecode.swift; path = AuthorizationRouter.swift; sourceTree = "<group>"; };
		763C905520FDDE96007C1F86 /* AuthorizationViewController.swift */ = {isa = PBXFileReference; lastKnownFileType = sourcecode.swift; path = AuthorizationViewController.swift; sourceTree = "<group>"; };
		763C905620FDDE96007C1F86 /* AuthorizationViewModel.swift */ = {isa = PBXFileReference; lastKnownFileType = sourcecode.swift; path = AuthorizationViewModel.swift; sourceTree = "<group>"; };
		763C905D20FDF5BA007C1F86 /* Application.swift */ = {isa = PBXFileReference; lastKnownFileType = sourcecode.swift; path = Application.swift; sourceTree = "<group>"; };
		764CC02920F8D4FF009C3D28 /* PlayerState.swift */ = {isa = PBXFileReference; lastKnownFileType = sourcecode.swift; path = PlayerState.swift; sourceTree = "<group>"; };
		7650961120E2615F00BF1F79 /* WebSocketService.swift */ = {isa = PBXFileReference; lastKnownFileType = sourcecode.swift; path = WebSocketService.swift; sourceTree = "<group>"; };
		7650961420E3A15D00BF1F79 /* Track.swift */ = {isa = PBXFileReference; lastKnownFileType = sourcecode.swift; path = Track.swift; sourceTree = "<group>"; };
		7650961620E3A8C600BF1F79 /* AudioFile.swift */ = {isa = PBXFileReference; lastKnownFileType = sourcecode.swift; path = AudioFile.swift; sourceTree = "<group>"; };
		7650961820E3B35000BF1F79 /* WebSocketCommand.swift */ = {isa = PBXFileReference; lastKnownFileType = sourcecode.swift; path = WebSocketCommand.swift; sourceTree = "<group>"; };
		7650961A20E4DC7800BF1F79 /* Artist.swift */ = {isa = PBXFileReference; lastKnownFileType = sourcecode.swift; path = Artist.swift; sourceTree = "<group>"; };
		7650961C20E4E11C00BF1F79 /* TrackId.swift */ = {isa = PBXFileReference; lastKnownFileType = sourcecode.swift; path = TrackId.swift; sourceTree = "<group>"; };
		7650961E20E4E45000BF1F79 /* TrackState.swift */ = {isa = PBXFileReference; lastKnownFileType = sourcecode.swift; path = TrackState.swift; sourceTree = "<group>"; };
		7650962020E5029200BF1F79 /* Observable.swift */ = {isa = PBXFileReference; lastKnownFileType = sourcecode.swift; path = Observable.swift; sourceTree = "<group>"; };
		7650962220E5238100BF1F79 /* PlayListItem.swift */ = {isa = PBXFileReference; lastKnownFileType = sourcecode.swift; path = PlayListItem.swift; sourceTree = "<group>"; };
		7650962420E662D100BF1F79 /* RestApiService.swift */ = {isa = PBXFileReference; lastKnownFileType = sourcecode.swift; path = RestApiService.swift; sourceTree = "<group>"; };
		7655476D20EB80DC004AC0BD /* Token.swift */ = {isa = PBXFileReference; lastKnownFileType = sourcecode.swift; path = Token.swift; sourceTree = "<group>"; };
		7655477020EBA5A2004AC0BD /* String+Extension.swift */ = {isa = PBXFileReference; fileEncoding = 4; lastKnownFileType = sourcecode.swift; path = "String+Extension.swift"; sourceTree = "<group>"; };
		7665332C20FE26A600FEC702 /* RestApiServiceError.swift */ = {isa = PBXFileReference; lastKnownFileType = sourcecode.swift; path = RestApiServiceError.swift; sourceTree = "<group>"; };
		7665332F20FE470C00FEC702 /* HomeControllerViewModel.swift */ = {isa = PBXFileReference; lastKnownFileType = sourcecode.swift; path = HomeControllerViewModel.swift; sourceTree = "<group>"; };
		7665333020FE470C00FEC702 /* HomeRouter.swift */ = {isa = PBXFileReference; lastKnownFileType = sourcecode.swift; path = HomeRouter.swift; sourceTree = "<group>"; };
		7665333120FE470C00FEC702 /* HomeViewController.swift */ = {isa = PBXFileReference; lastKnownFileType = sourcecode.swift; path = HomeViewController.swift; sourceTree = "<group>"; };
		7665333220FE470C00FEC702 /* HomeViewModel.swift */ = {isa = PBXFileReference; lastKnownFileType = sourcecode.swift; path = HomeViewModel.swift; sourceTree = "<group>"; };
		7665333820FF1B2E00FEC702 /* SettingsControllerViewModel.swift */ = {isa = PBXFileReference; lastKnownFileType = sourcecode.swift; path = SettingsControllerViewModel.swift; sourceTree = "<group>"; };
		7665333920FF1B2E00FEC702 /* SettingsRouter.swift */ = {isa = PBXFileReference; lastKnownFileType = sourcecode.swift; path = SettingsRouter.swift; sourceTree = "<group>"; };
		7665333A20FF1B2E00FEC702 /* SettingsViewController.swift */ = {isa = PBXFileReference; lastKnownFileType = sourcecode.swift; path = SettingsViewController.swift; sourceTree = "<group>"; };
		7665333B20FF1B2E00FEC702 /* SettingsViewModel.swift */ = {isa = PBXFileReference; lastKnownFileType = sourcecode.swift; path = SettingsViewModel.swift; sourceTree = "<group>"; };
		7665334120FF1CFA00FEC702 /* PagesControllerViewModel.swift */ = {isa = PBXFileReference; lastKnownFileType = sourcecode.swift; path = PagesControllerViewModel.swift; sourceTree = "<group>"; };
		7665334220FF1CFA00FEC702 /* PagesRouter.swift */ = {isa = PBXFileReference; lastKnownFileType = sourcecode.swift; path = PagesRouter.swift; sourceTree = "<group>"; };
		7665334320FF1CFA00FEC702 /* PagesViewController.swift */ = {isa = PBXFileReference; lastKnownFileType = sourcecode.swift; path = PagesViewController.swift; sourceTree = "<group>"; };
		7665334420FF1CFA00FEC702 /* PagesViewModel.swift */ = {isa = PBXFileReference; lastKnownFileType = sourcecode.swift; path = PagesViewModel.swift; sourceTree = "<group>"; };
		7665334A20FF1DE300FEC702 /* ProfileControllerViewModel.swift */ = {isa = PBXFileReference; lastKnownFileType = sourcecode.swift; path = ProfileControllerViewModel.swift; sourceTree = "<group>"; };
		7665334B20FF1DE300FEC702 /* ProfileRouter.swift */ = {isa = PBXFileReference; lastKnownFileType = sourcecode.swift; path = ProfileRouter.swift; sourceTree = "<group>"; };
		7665334C20FF1DE300FEC702 /* ProfileViewController.swift */ = {isa = PBXFileReference; lastKnownFileType = sourcecode.swift; path = ProfileViewController.swift; sourceTree = "<group>"; };
		7665334D20FF1DE300FEC702 /* ProfileViewModel.swift */ = {isa = PBXFileReference; lastKnownFileType = sourcecode.swift; path = ProfileViewModel.swift; sourceTree = "<group>"; };
		7665335320FF414300FEC702 /* SignInControllerViewModel.swift */ = {isa = PBXFileReference; lastKnownFileType = sourcecode.swift; path = SignInControllerViewModel.swift; sourceTree = "<group>"; };
		7665335420FF414300FEC702 /* SignInRouter.swift */ = {isa = PBXFileReference; lastKnownFileType = sourcecode.swift; path = SignInRouter.swift; sourceTree = "<group>"; };
		7665335520FF414300FEC702 /* SignInViewController.swift */ = {isa = PBXFileReference; lastKnownFileType = sourcecode.swift; path = SignInViewController.swift; sourceTree = "<group>"; };
		7665335620FF414300FEC702 /* SignInViewModel.swift */ = {isa = PBXFileReference; lastKnownFileType = sourcecode.swift; path = SignInViewModel.swift; sourceTree = "<group>"; };
		766B02FD21009505005AB2B6 /* PlayerError.swift */ = {isa = PBXFileReference; lastKnownFileType = sourcecode.swift; path = PlayerError.swift; sourceTree = "<group>"; };
		767289C420ED1A13008A86B6 /* Player.swift */ = {isa = PBXFileReference; fileEncoding = 4; lastKnownFileType = sourcecode.swift; path = Player.swift; sourceTree = "<group>"; };
		767289C520ED1A13008A86B6 /* PlayList.swift */ = {isa = PBXFileReference; fileEncoding = 4; lastKnownFileType = sourcecode.swift; path = PlayList.swift; sourceTree = "<group>"; };
		768EC2C720F4EBD000629F1B /* Dictionary+Extension.swift */ = {isa = PBXFileReference; lastKnownFileType = sourcecode.swift; path = "Dictionary+Extension.swift"; sourceTree = "<group>"; };
		768EC2CA20F4FB1000629F1B /* Addon.swift */ = {isa = PBXFileReference; lastKnownFileType = sourcecode.swift; path = Addon.swift; sourceTree = "<group>"; };
		76DB5ABC20E684A60008D2FE /* User.swift */ = {isa = PBXFileReference; lastKnownFileType = sourcecode.swift; path = User.swift; sourceTree = "<group>"; };
		76EDBD1420F73DCC0021297F /* PlayerQueue.swift */ = {isa = PBXFileReference; lastKnownFileType = sourcecode.swift; path = PlayerQueue.swift; sourceTree = "<group>"; };
		76EDBD1820F78FCD0021297F /* AppError.swift */ = {isa = PBXFileReference; lastKnownFileType = sourcecode.swift; path = AppError.swift; sourceTree = "<group>"; };
		76EDBD1A20F796FF0021297F /* WebSocketServiceError.swift */ = {isa = PBXFileReference; lastKnownFileType = sourcecode.swift; path = WebSocketServiceError.swift; sourceTree = "<group>"; };
		76F1FA2720DBA88100C9191F /* RhythmicRebellion.app */ = {isa = PBXFileReference; explicitFileType = wrapper.application; includeInIndex = 0; path = RhythmicRebellion.app; sourceTree = BUILT_PRODUCTS_DIR; };
		76F1FA3D20DBA8DE00C9191F /* Info.plist */ = {isa = PBXFileReference; fileEncoding = 4; lastKnownFileType = text.plist.xml; path = Info.plist; sourceTree = "<group>"; };
		76F1FA4020DBA8DE00C9191F /* Base */ = {isa = PBXFileReference; lastKnownFileType = file.storyboard; name = Base; path = Base.lproj/LaunchScreen.storyboard; sourceTree = "<group>"; };
		76F1FA4220DBA8DE00C9191F /* Base */ = {isa = PBXFileReference; lastKnownFileType = file.storyboard; name = Base; path = Base.lproj/Main.storyboard; sourceTree = "<group>"; };
		76F1FA4620DBA8DE00C9191F /* AppDelegate.swift */ = {isa = PBXFileReference; fileEncoding = 4; lastKnownFileType = sourcecode.swift; path = AppDelegate.swift; sourceTree = "<group>"; };
		76F1FA4D20DBA92F00C9191F /* Assets.xcassets */ = {isa = PBXFileReference; lastKnownFileType = folder.assetcatalog; path = Assets.xcassets; sourceTree = "<group>"; };
		76F1FA4F20DBA96200C9191F /* RhythmicRebellion.swift */ = {isa = PBXFileReference; lastKnownFileType = sourcecode.swift; path = RhythmicRebellion.swift; sourceTree = "<group>"; };
		76F1FA5920DBA9FF00C9191F /* AppControllerViewModel.swift */ = {isa = PBXFileReference; lastKnownFileType = sourcecode.swift; path = AppControllerViewModel.swift; sourceTree = "<group>"; };
		76F1FA5A20DBA9FF00C9191F /* AppRouter.swift */ = {isa = PBXFileReference; lastKnownFileType = sourcecode.swift; path = AppRouter.swift; sourceTree = "<group>"; };
		76F1FA5B20DBA9FF00C9191F /* AppViewController.swift */ = {isa = PBXFileReference; lastKnownFileType = sourcecode.swift; path = AppViewController.swift; sourceTree = "<group>"; };
		76F1FA5C20DBA9FF00C9191F /* AppViewModel.swift */ = {isa = PBXFileReference; lastKnownFileType = sourcecode.swift; path = AppViewModel.swift; sourceTree = "<group>"; };
		76F1FA6220DBAEEC00C9191F /* PlayerControllerViewModel.swift */ = {isa = PBXFileReference; lastKnownFileType = sourcecode.swift; path = PlayerControllerViewModel.swift; sourceTree = "<group>"; };
		76F1FA6320DBAEEC00C9191F /* PlayerRouter.swift */ = {isa = PBXFileReference; lastKnownFileType = sourcecode.swift; path = PlayerRouter.swift; sourceTree = "<group>"; };
		76F1FA6420DBAEEC00C9191F /* PlayerViewController.swift */ = {isa = PBXFileReference; lastKnownFileType = sourcecode.swift; path = PlayerViewController.swift; sourceTree = "<group>"; };
		76F1FA6520DBAEEC00C9191F /* PlayerViewModel.swift */ = {isa = PBXFileReference; lastKnownFileType = sourcecode.swift; path = PlayerViewModel.swift; sourceTree = "<group>"; };
		76F1FA6B20DBD96C00C9191F /* RoundedButton.swift */ = {isa = PBXFileReference; lastKnownFileType = sourcecode.swift; path = RoundedButton.swift; sourceTree = "<group>"; };
		76F1FA6D20DD161A00C9191F /* RoundedLabel.swift */ = {isa = PBXFileReference; lastKnownFileType = sourcecode.swift; path = RoundedLabel.swift; sourceTree = "<group>"; };
		76F1FA6F20E0E53200C9191F /* TabBarRegular.swift */ = {isa = PBXFileReference; lastKnownFileType = sourcecode.swift; path = TabBarRegular.swift; sourceTree = "<group>"; };
		83B9F301DB27C972F85A3104 /* Pods-RhythmicRebellion.release.xcconfig */ = {isa = PBXFileReference; includeInIndex = 1; lastKnownFileType = text.xcconfig; name = "Pods-RhythmicRebellion.release.xcconfig"; path = "Pods/Target Support Files/Pods-RhythmicRebellion/Pods-RhythmicRebellion.release.xcconfig"; sourceTree = "<group>"; };
/* End PBXFileReference section */

/* Begin PBXFrameworksBuildPhase section */
		76F1FA2420DBA88100C9191F /* Frameworks */ = {
			isa = PBXFrameworksBuildPhase;
			buildActionMask = 2147483647;
			files = (
				F36396C3EBC6647FA74987E9 /* Pods_RhythmicRebellion.framework in Frameworks */,
			);
			runOnlyForDeploymentPostprocessing = 0;
		};
/* End PBXFrameworksBuildPhase section */

/* Begin PBXGroup section */
		5153B8BA1B187E1E75D48928 /* Pods */ = {
			isa = PBXGroup;
			children = (
				66178C740DE1BEC2147F6CD6 /* Pods-RhythmicRebellion.debug.xcconfig */,
				83B9F301DB27C972F85A3104 /* Pods-RhythmicRebellion.release.xcconfig */,
			);
			name = Pods;
			sourceTree = "<group>";
		};
		7606BDD220FF46CB00D90D73 /* SignUp */ = {
			isa = PBXGroup;
			children = (
				7606BDD320FF471300D90D73 /* SignUpControllerViewModel.swift */,
				7606BDD420FF471300D90D73 /* SignUpRouter.swift */,
				7606BDD520FF471300D90D73 /* SignUpViewController.swift */,
				7606BDD620FF471300D90D73 /* SignUpViewModel.swift */,
			);
			path = SignUp;
			sourceTree = "<group>";
		};
		761B6CB920EB56000019A71D /* WebSocketService */ = {
			isa = PBXGroup;
			children = (
				7650961120E2615F00BF1F79 /* WebSocketService.swift */,
				7650961820E3B35000BF1F79 /* WebSocketCommand.swift */,
			);
			path = WebSocketService;
			sourceTree = "<group>";
		};
		763C904720FCBA14007C1F86 /* TabBar */ = {
			isa = PBXGroup;
			children = (
				763C904920FCBABD007C1F86 /* TabBarRouter.swift */,
				763C904B20FCBABD007C1F86 /* TabBarViewModel.swift */,
				763C904820FCBABD007C1F86 /* TabBarControllerViewModel.swift */,
				763C904A20FCBABD007C1F86 /* TabBarViewController.swift */,
			);
			path = TabBar;
			sourceTree = "<group>";
		};
		763C905120FDDCF8007C1F86 /* UI Modules */ = {
			isa = PBXGroup;
			children = (
				763C905C20FDF598007C1F86 /* App */,
				763C905B20FDF54E007C1F86 /* Player */,
				763C904720FCBA14007C1F86 /* TabBar */,
				7665332E20FE46DF00FEC702 /* Home */,
				7665333720FF1AA400FEC702 /* Settings */,
				7665334020FF1CDA00FEC702 /* Pages */,
				7665334920FF1DCE00FEC702 /* Profile */,
				763C905220FDDD22007C1F86 /* Authorization */,
			);
			path = "UI Modules";
			sourceTree = "<group>";
		};
		763C905220FDDD22007C1F86 /* Authorization */ = {
			isa = PBXGroup;
			children = (
				7665335220FF411E00FEC702 /* SignIn */,
				7606BDD220FF46CB00D90D73 /* SignUp */,
				763C905320FDDE96007C1F86 /* AuthorizationControllerViewModel.swift */,
				763C905420FDDE96007C1F86 /* AuthorizationRouter.swift */,
				763C905520FDDE96007C1F86 /* AuthorizationViewController.swift */,
				763C905620FDDE96007C1F86 /* AuthorizationViewModel.swift */,
			);
			path = Authorization;
			sourceTree = "<group>";
		};
		763C905B20FDF54E007C1F86 /* Player */ = {
			isa = PBXGroup;
			children = (
				76F1FA6320DBAEEC00C9191F /* PlayerRouter.swift */,
				76F1FA6520DBAEEC00C9191F /* PlayerViewModel.swift */,
				76F1FA6220DBAEEC00C9191F /* PlayerControllerViewModel.swift */,
				76F1FA6420DBAEEC00C9191F /* PlayerViewController.swift */,
			);
			path = Player;
			sourceTree = "<group>";
		};
		763C905C20FDF598007C1F86 /* App */ = {
			isa = PBXGroup;
			children = (
				76F1FA5A20DBA9FF00C9191F /* AppRouter.swift */,
				76F1FA5C20DBA9FF00C9191F /* AppViewModel.swift */,
				76F1FA5920DBA9FF00C9191F /* AppControllerViewModel.swift */,
				76F1FA5B20DBA9FF00C9191F /* AppViewController.swift */,
			);
			path = App;
			sourceTree = "<group>";
		};
		7650960C20E2322B00BF1F79 /* Extensions */ = {
			isa = PBXGroup;
			children = (
				7655477020EBA5A2004AC0BD /* String+Extension.swift */,
				761B6CB120EA75DE0019A71D /* TimeInterval+Extension.swift */,
				768EC2C720F4EBD000629F1B /* Dictionary+Extension.swift */,
			);
			path = Extensions;
			sourceTree = "<group>";
		};
		7650960F20E2593F00BF1F79 /* Services */ = {
			isa = PBXGroup;
			children = (
				768EC2C420F4DA2600629F1B /* RestApiService */,
				761B6CB920EB56000019A71D /* WebSocketService */,
			);
			path = Services;
			sourceTree = "<group>";
		};
		7650961320E3A0FC00BF1F79 /* Models */ = {
			isa = PBXGroup;
			children = (
				7650961420E3A15D00BF1F79 /* Track.swift */,
				7650962220E5238100BF1F79 /* PlayListItem.swift */,
				7650961C20E4E11C00BF1F79 /* TrackId.swift */,
				7650961E20E4E45000BF1F79 /* TrackState.swift */,
				7650961620E3A8C600BF1F79 /* AudioFile.swift */,
				7650961A20E4DC7800BF1F79 /* Artist.swift */,
				7655476D20EB80DC004AC0BD /* Token.swift */,
				76DB5ABC20E684A60008D2FE /* User.swift */,
				768EC2CA20F4FB1000629F1B /* Addon.swift */,
				76310DCC20F6252200140D03 /* AddonState.swift */,
				76310DCE20F6343A00140D03 /* CheckAddons.swift */,
			);
			path = Models;
			sourceTree = "<group>";
		};
		7665332E20FE46DF00FEC702 /* Home */ = {
			isa = PBXGroup;
			children = (
				7665332F20FE470C00FEC702 /* HomeControllerViewModel.swift */,
				7665333020FE470C00FEC702 /* HomeRouter.swift */,
				7665333120FE470C00FEC702 /* HomeViewController.swift */,
				7665333220FE470C00FEC702 /* HomeViewModel.swift */,
			);
			path = Home;
			sourceTree = "<group>";
		};
		7665333720FF1AA400FEC702 /* Settings */ = {
			isa = PBXGroup;
			children = (
				7665333820FF1B2E00FEC702 /* SettingsControllerViewModel.swift */,
				7665333920FF1B2E00FEC702 /* SettingsRouter.swift */,
				7665333A20FF1B2E00FEC702 /* SettingsViewController.swift */,
				7665333B20FF1B2E00FEC702 /* SettingsViewModel.swift */,
			);
			path = Settings;
			sourceTree = "<group>";
		};
		7665334020FF1CDA00FEC702 /* Pages */ = {
			isa = PBXGroup;
			children = (
				7665334120FF1CFA00FEC702 /* PagesControllerViewModel.swift */,
				7665334220FF1CFA00FEC702 /* PagesRouter.swift */,
				7665334320FF1CFA00FEC702 /* PagesViewController.swift */,
				7665334420FF1CFA00FEC702 /* PagesViewModel.swift */,
			);
			path = Pages;
			sourceTree = "<group>";
		};
		7665334920FF1DCE00FEC702 /* Profile */ = {
			isa = PBXGroup;
			children = (
				7665334A20FF1DE300FEC702 /* ProfileControllerViewModel.swift */,
				7665334B20FF1DE300FEC702 /* ProfileRouter.swift */,
				7665334C20FF1DE300FEC702 /* ProfileViewController.swift */,
				7665334D20FF1DE300FEC702 /* ProfileViewModel.swift */,
			);
			path = Profile;
			sourceTree = "<group>";
		};
		7665335220FF411E00FEC702 /* SignIn */ = {
			isa = PBXGroup;
			children = (
				7665335320FF414300FEC702 /* SignInControllerViewModel.swift */,
				7665335420FF414300FEC702 /* SignInRouter.swift */,
				7665335520FF414300FEC702 /* SignInViewController.swift */,
				7665335620FF414300FEC702 /* SignInViewModel.swift */,
			);
			path = SignIn;
			sourceTree = "<group>";
		};
		768EC2C420F4DA2600629F1B /* RestApiService */ = {
			isa = PBXGroup;
			children = (
				7650962420E662D100BF1F79 /* RestApiService.swift */,
				76310DC820F5E91100140D03 /* RestApiResponse.swift */,
				76310DCA20F5F30800140D03 /* Alamofire+Extension.swift */,
			);
			path = RestApiService;
			sourceTree = "<group>";
		};
		76EDBD1720F78F0A0021297F /* Errors */ = {
			isa = PBXGroup;
			children = (
				76EDBD1820F78FCD0021297F /* AppError.swift */,
				76EDBD1A20F796FF0021297F /* WebSocketServiceError.swift */,
				7665332C20FE26A600FEC702 /* RestApiServiceError.swift */,
				766B02FD21009505005AB2B6 /* PlayerError.swift */,
			);
			path = Errors;
			sourceTree = "<group>";
		};
		76F1FA1E20DBA88100C9191F = {
			isa = PBXGroup;
			children = (
				76F1FA2920DBA88100C9191F /* RhythmicRebellion */,
				76F1FA2820DBA88100C9191F /* Products */,
				5153B8BA1B187E1E75D48928 /* Pods */,
				8F35D41E961A0855BE4F5819 /* Frameworks */,
			);
			sourceTree = "<group>";
		};
		76F1FA2820DBA88100C9191F /* Products */ = {
			isa = PBXGroup;
			children = (
				76F1FA2720DBA88100C9191F /* RhythmicRebellion.app */,
			);
			name = Products;
			sourceTree = "<group>";
		};
		76F1FA2920DBA88100C9191F /* RhythmicRebellion */ = {
			isa = PBXGroup;
			children = (
				76F1FA4320DBA8DE00C9191F /* Source */,
				76F1FA3E20DBA8DE00C9191F /* Resources */,
				76F1FA3C20DBA8DE00C9191F /* Supporting Files */,
			);
			path = RhythmicRebellion;
			sourceTree = "<group>";
		};
		76F1FA3C20DBA8DE00C9191F /* Supporting Files */ = {
			isa = PBXGroup;
			children = (
				76F1FA3D20DBA8DE00C9191F /* Info.plist */,
			);
			path = "Supporting Files";
			sourceTree = "<group>";
		};
		76F1FA3E20DBA8DE00C9191F /* Resources */ = {
			isa = PBXGroup;
			children = (
				76F1FA4D20DBA92F00C9191F /* Assets.xcassets */,
				76F1FA3F20DBA8DE00C9191F /* LaunchScreen.storyboard */,
				76F1FA4120DBA8DE00C9191F /* Main.storyboard */,
			);
			path = Resources;
			sourceTree = "<group>";
		};
		76F1FA4320DBA8DE00C9191F /* Source */ = {
			isa = PBXGroup;
			children = (
				76EDBD1720F78F0A0021297F /* Errors */,
				7650961320E3A0FC00BF1F79 /* Models */,
				7650960F20E2593F00BF1F79 /* Services */,
				7650960C20E2322B00BF1F79 /* Extensions */,
				76F1FA6A20DBD94200C9191F /* UI Components */,
				76F1FA6120DBAA2700C9191F /* Player */,
				763C905120FDDCF8007C1F86 /* UI Modules */,
				763C905D20FDF5BA007C1F86 /* Application.swift */,
				76F1FA4620DBA8DE00C9191F /* AppDelegate.swift */,
				76F1FA4F20DBA96200C9191F /* RhythmicRebellion.swift */,
				7650962020E5029200BF1F79 /* Observable.swift */,
			);
			path = Source;
			sourceTree = "<group>";
		};
		76F1FA6120DBAA2700C9191F /* Player */ = {
			isa = PBXGroup;
			children = (
				767289C420ED1A13008A86B6 /* Player.swift */,
				764CC02920F8D4FF009C3D28 /* PlayerState.swift */,
				767289C520ED1A13008A86B6 /* PlayList.swift */,
				76EDBD1420F73DCC0021297F /* PlayerQueue.swift */,
			);
			path = Player;
			sourceTree = "<group>";
		};
		76F1FA6A20DBD94200C9191F /* UI Components */ = {
			isa = PBXGroup;
			children = (
				76F1FA6B20DBD96C00C9191F /* RoundedButton.swift */,
				76F1FA6D20DD161A00C9191F /* RoundedLabel.swift */,
				76F1FA6F20E0E53200C9191F /* TabBarRegular.swift */,
			);
			path = "UI Components";
			sourceTree = "<group>";
		};
		8F35D41E961A0855BE4F5819 /* Frameworks */ = {
			isa = PBXGroup;
			children = (
				6165EDC869B9752E26C17DD8 /* Pods_RhythmicRebellion.framework */,
			);
			name = Frameworks;
			sourceTree = "<group>";
		};
/* End PBXGroup section */

/* Begin PBXNativeTarget section */
		76F1FA2620DBA88100C9191F /* RhythmicRebellion */ = {
			isa = PBXNativeTarget;
			buildConfigurationList = 76F1FA3920DBA88100C9191F /* Build configuration list for PBXNativeTarget "RhythmicRebellion" */;
			buildPhases = (
				FEA8E141940AF8FBF6D73CC2 /* [CP] Check Pods Manifest.lock */,
				76F1FA2320DBA88100C9191F /* Sources */,
				76F1FA2420DBA88100C9191F /* Frameworks */,
				76F1FA2520DBA88100C9191F /* Resources */,
				2616D3E71915AA44E4F4E126 /* [CP] Embed Pods Frameworks */,
			);
			buildRules = (
			);
			dependencies = (
			);
			name = RhythmicRebellion;
			productName = RhythmicRebellion;
			productReference = 76F1FA2720DBA88100C9191F /* RhythmicRebellion.app */;
			productType = "com.apple.product-type.application";
		};
/* End PBXNativeTarget section */

/* Begin PBXProject section */
		76F1FA1F20DBA88100C9191F /* Project object */ = {
			isa = PBXProject;
			attributes = {
				LastSwiftUpdateCheck = 0920;
				LastUpgradeCheck = 0920;
				ORGANIZATIONNAME = "Patron Empowerment, LLC";
				TargetAttributes = {
					76F1FA2620DBA88100C9191F = {
						CreatedOnToolsVersion = 9.2;
						ProvisioningStyle = Automatic;
						SystemCapabilities = {
							com.apple.BackgroundModes = {
								enabled = 1;
							};
						};
					};
				};
			};
			buildConfigurationList = 76F1FA2220DBA88100C9191F /* Build configuration list for PBXProject "RhythmicRebellion" */;
			compatibilityVersion = "Xcode 8.0";
			developmentRegion = en;
			hasScannedForEncodings = 0;
			knownRegions = (
				en,
				Base,
			);
			mainGroup = 76F1FA1E20DBA88100C9191F;
			productRefGroup = 76F1FA2820DBA88100C9191F /* Products */;
			projectDirPath = "";
			projectRoot = "";
			targets = (
				76F1FA2620DBA88100C9191F /* RhythmicRebellion */,
			);
		};
/* End PBXProject section */

/* Begin PBXResourcesBuildPhase section */
		76F1FA2520DBA88100C9191F /* Resources */ = {
			isa = PBXResourcesBuildPhase;
			buildActionMask = 2147483647;
			files = (
				76F1FA4920DBA8DE00C9191F /* Main.storyboard in Resources */,
				76F1FA4E20DBA92F00C9191F /* Assets.xcassets in Resources */,
				76F1FA4820DBA8DE00C9191F /* LaunchScreen.storyboard in Resources */,
			);
			runOnlyForDeploymentPostprocessing = 0;
		};
/* End PBXResourcesBuildPhase section */

/* Begin PBXShellScriptBuildPhase section */
		2616D3E71915AA44E4F4E126 /* [CP] Embed Pods Frameworks */ = {
			isa = PBXShellScriptBuildPhase;
			buildActionMask = 2147483647;
			files = (
			);
			inputPaths = (
				"${SRCROOT}/Pods/Target Support Files/Pods-RhythmicRebellion/Pods-RhythmicRebellion-frameworks.sh",
				"${BUILT_PRODUCTS_DIR}/Alamofire/Alamofire.framework",
				"${BUILT_PRODUCTS_DIR}/ReachabilitySwift/Reachability.framework",
				"${BUILT_PRODUCTS_DIR}/Starscream/Starscream.framework",
				"${BUILT_PRODUCTS_DIR}/SwiftValidator/SwiftValidator.framework",
			);
			name = "[CP] Embed Pods Frameworks";
			outputPaths = (
				"${TARGET_BUILD_DIR}/${FRAMEWORKS_FOLDER_PATH}/Alamofire.framework",
				"${TARGET_BUILD_DIR}/${FRAMEWORKS_FOLDER_PATH}/Reachability.framework",
				"${TARGET_BUILD_DIR}/${FRAMEWORKS_FOLDER_PATH}/Starscream.framework",
				"${TARGET_BUILD_DIR}/${FRAMEWORKS_FOLDER_PATH}/SwiftValidator.framework",
			);
			runOnlyForDeploymentPostprocessing = 0;
			shellPath = /bin/sh;
			shellScript = "\"${SRCROOT}/Pods/Target Support Files/Pods-RhythmicRebellion/Pods-RhythmicRebellion-frameworks.sh\"\n";
			showEnvVarsInLog = 0;
		};
		FEA8E141940AF8FBF6D73CC2 /* [CP] Check Pods Manifest.lock */ = {
			isa = PBXShellScriptBuildPhase;
			buildActionMask = 2147483647;
			files = (
			);
			inputPaths = (
				"${PODS_PODFILE_DIR_PATH}/Podfile.lock",
				"${PODS_ROOT}/Manifest.lock",
			);
			name = "[CP] Check Pods Manifest.lock";
			outputPaths = (
				"$(DERIVED_FILE_DIR)/Pods-RhythmicRebellion-checkManifestLockResult.txt",
			);
			runOnlyForDeploymentPostprocessing = 0;
			shellPath = /bin/sh;
			shellScript = "diff \"${PODS_PODFILE_DIR_PATH}/Podfile.lock\" \"${PODS_ROOT}/Manifest.lock\" > /dev/null\nif [ $? != 0 ] ; then\n    # print error to STDERR\n    echo \"error: The sandbox is not in sync with the Podfile.lock. Run 'pod install' or update your CocoaPods installation.\" >&2\n    exit 1\nfi\n# This output is used by Xcode 'outputs' to avoid re-running this script phase.\necho \"SUCCESS\" > \"${SCRIPT_OUTPUT_FILE_0}\"\n";
			showEnvVarsInLog = 0;
		};
/* End PBXShellScriptBuildPhase section */

/* Begin PBXSourcesBuildPhase section */
		76F1FA2320DBA88100C9191F /* Sources */ = {
			isa = PBXSourcesBuildPhase;
			buildActionMask = 2147483647;
			files = (
				763C905E20FDF5BA007C1F86 /* Application.swift in Sources */,
				7650962320E5238100BF1F79 /* PlayListItem.swift in Sources */,
				76310DCB20F5F30800140D03 /* Alamofire+Extension.swift in Sources */,
				763C905920FDDE96007C1F86 /* AuthorizationViewController.swift in Sources */,
				7665333D20FF1B2E00FEC702 /* SettingsRouter.swift in Sources */,
				7665333F20FF1B2E00FEC702 /* SettingsViewModel.swift in Sources */,
				7665335020FF1DE300FEC702 /* ProfileViewController.swift in Sources */,
				7650962120E5029200BF1F79 /* Observable.swift in Sources */,
				76F1FA5F20DBA9FF00C9191F /* AppViewController.swift in Sources */,
				763C904E20FCBABD007C1F86 /* TabBarViewController.swift in Sources */,
				7606BDD720FF471300D90D73 /* SignUpControllerViewModel.swift in Sources */,
				763C904D20FCBABD007C1F86 /* TabBarRouter.swift in Sources */,
				76DB5ABD20E684A60008D2FE /* User.swift in Sources */,
				767289C620ED1A13008A86B6 /* Player.swift in Sources */,
				76310DCD20F6252200140D03 /* AddonState.swift in Sources */,
				7665333520FE470C00FEC702 /* HomeViewController.swift in Sources */,
				7650961F20E4E45000BF1F79 /* TrackState.swift in Sources */,
				76F1FA6920DBAEEC00C9191F /* PlayerViewModel.swift in Sources */,
				7665334E20FF1DE300FEC702 /* ProfileControllerViewModel.swift in Sources */,
				7606BDD820FF471300D90D73 /* SignUpRouter.swift in Sources */,
				7650961D20E4E11C00BF1F79 /* TrackId.swift in Sources */,
				768EC2C820F4EBD000629F1B /* Dictionary+Extension.swift in Sources */,
				7665333620FE470C00FEC702 /* HomeViewModel.swift in Sources */,
				7606BDDA20FF471300D90D73 /* SignUpViewModel.swift in Sources */,
				76F1FA6620DBAEEC00C9191F /* PlayerControllerViewModel.swift in Sources */,
				763C905820FDDE96007C1F86 /* AuthorizationRouter.swift in Sources */,
				76310DCF20F6343A00140D03 /* CheckAddons.swift in Sources */,
				7665335920FF414300FEC702 /* SignInViewController.swift in Sources */,
				76F1FA5D20DBA9FF00C9191F /* AppControllerViewModel.swift in Sources */,
				76F1FA6720DBAEEC00C9191F /* PlayerRouter.swift in Sources */,
				7665333E20FF1B2E00FEC702 /* SettingsViewController.swift in Sources */,
				7665334620FF1CFA00FEC702 /* PagesRouter.swift in Sources */,
				76F1FA6020DBA9FF00C9191F /* AppViewModel.swift in Sources */,
				766B02FE21009505005AB2B6 /* PlayerError.swift in Sources */,
				7665334720FF1CFA00FEC702 /* PagesViewController.swift in Sources */,
				76F1FA6C20DBD96C00C9191F /* RoundedButton.swift in Sources */,
				76EDBD1920F78FCD0021297F /* AppError.swift in Sources */,
				7650962520E662D100BF1F79 /* RestApiService.swift in Sources */,
				7665334520FF1CFA00FEC702 /* PagesControllerViewModel.swift in Sources */,
				76EDBD1520F73DCC0021297F /* PlayerQueue.swift in Sources */,
				7665333420FE470C00FEC702 /* HomeRouter.swift in Sources */,
				7665335720FF414300FEC702 /* SignInControllerViewModel.swift in Sources */,
				7655476E20EB80DC004AC0BD /* Token.swift in Sources */,
				763C905A20FDDE96007C1F86 /* AuthorizationViewModel.swift in Sources */,
				7606BDD920FF471300D90D73 /* SignUpViewController.swift in Sources */,
				7650961720E3A8C600BF1F79 /* AudioFile.swift in Sources */,
				7665335820FF414300FEC702 /* SignInRouter.swift in Sources */,
				763C904F20FCBABD007C1F86 /* TabBarViewModel.swift in Sources */,
				76F1FA7020E0E53200C9191F /* TabBarRegular.swift in Sources */,
				76F1FA6820DBAEEC00C9191F /* PlayerViewController.swift in Sources */,
				7665334820FF1CFA00FEC702 /* PagesViewModel.swift in Sources */,
				76F1FA6E20DD161A00C9191F /* RoundedLabel.swift in Sources */,
				7665333C20FF1B2E00FEC702 /* SettingsControllerViewModel.swift in Sources */,
				7650961220E2615F00BF1F79 /* WebSocketService.swift in Sources */,
				7655477120EBA5A2004AC0BD /* String+Extension.swift in Sources */,
				7665335A20FF414300FEC702 /* SignInViewModel.swift in Sources */,
				7665332D20FE26A600FEC702 /* RestApiServiceError.swift in Sources */,
				767289C720ED1A13008A86B6 /* PlayList.swift in Sources */,
				7665335120FF1DE300FEC702 /* ProfileViewModel.swift in Sources */,
				7665334F20FF1DE300FEC702 /* ProfileRouter.swift in Sources */,
				76310DC920F5E91100140D03 /* RestApiResponse.swift in Sources */,
				7650961520E3A15D00BF1F79 /* Track.swift in Sources */,
				7650961B20E4DC7800BF1F79 /* Artist.swift in Sources */,
				7665333320FE470C00FEC702 /* HomeControllerViewModel.swift in Sources */,
				764CC02A20F8D4FF009C3D28 /* PlayerState.swift in Sources */,
				76F1FA4C20DBA8DE00C9191F /* AppDelegate.swift in Sources */,
				76F1FA5020DBA96200C9191F /* RhythmicRebellion.swift in Sources */,
				76F1FA5E20DBA9FF00C9191F /* AppRouter.swift in Sources */,
				76EDBD1B20F796FF0021297F /* WebSocketServiceError.swift in Sources */,
				768EC2CB20F4FB1000629F1B /* Addon.swift in Sources */,
				7650961920E3B35000BF1F79 /* WebSocketCommand.swift in Sources */,
				763C904C20FCBABD007C1F86 /* TabBarControllerViewModel.swift in Sources */,
				763C905720FDDE96007C1F86 /* AuthorizationControllerViewModel.swift in Sources */,
				761B6CB220EA75DE0019A71D /* TimeInterval+Extension.swift in Sources */,
			);
			runOnlyForDeploymentPostprocessing = 0;
		};
/* End PBXSourcesBuildPhase section */

/* Begin PBXVariantGroup section */
		76F1FA3F20DBA8DE00C9191F /* LaunchScreen.storyboard */ = {
			isa = PBXVariantGroup;
			children = (
				76F1FA4020DBA8DE00C9191F /* Base */,
			);
			name = LaunchScreen.storyboard;
			sourceTree = "<group>";
		};
		76F1FA4120DBA8DE00C9191F /* Main.storyboard */ = {
			isa = PBXVariantGroup;
			children = (
				76F1FA4220DBA8DE00C9191F /* Base */,
			);
			name = Main.storyboard;
			sourceTree = "<group>";
		};
/* End PBXVariantGroup section */

/* Begin XCBuildConfiguration section */
		76F1FA3720DBA88100C9191F /* Debug */ = {
			isa = XCBuildConfiguration;
			buildSettings = {
				ALWAYS_SEARCH_USER_PATHS = NO;
				CLANG_ANALYZER_NONNULL = YES;
				CLANG_ANALYZER_NUMBER_OBJECT_CONVERSION = YES_AGGRESSIVE;
				CLANG_CXX_LANGUAGE_STANDARD = "gnu++14";
				CLANG_CXX_LIBRARY = "libc++";
				CLANG_ENABLE_MODULES = YES;
				CLANG_ENABLE_OBJC_ARC = YES;
				CLANG_WARN_BLOCK_CAPTURE_AUTORELEASING = YES;
				CLANG_WARN_BOOL_CONVERSION = YES;
				CLANG_WARN_COMMA = YES;
				CLANG_WARN_CONSTANT_CONVERSION = YES;
				CLANG_WARN_DIRECT_OBJC_ISA_USAGE = YES_ERROR;
				CLANG_WARN_DOCUMENTATION_COMMENTS = YES;
				CLANG_WARN_EMPTY_BODY = YES;
				CLANG_WARN_ENUM_CONVERSION = YES;
				CLANG_WARN_INFINITE_RECURSION = YES;
				CLANG_WARN_INT_CONVERSION = YES;
				CLANG_WARN_NON_LITERAL_NULL_CONVERSION = YES;
				CLANG_WARN_OBJC_LITERAL_CONVERSION = YES;
				CLANG_WARN_OBJC_ROOT_CLASS = YES_ERROR;
				CLANG_WARN_RANGE_LOOP_ANALYSIS = YES;
				CLANG_WARN_STRICT_PROTOTYPES = YES;
				CLANG_WARN_SUSPICIOUS_MOVE = YES;
				CLANG_WARN_UNGUARDED_AVAILABILITY = YES_AGGRESSIVE;
				CLANG_WARN_UNREACHABLE_CODE = YES;
				CLANG_WARN__DUPLICATE_METHOD_MATCH = YES;
				CODE_SIGN_IDENTITY = "iPhone Developer";
				COPY_PHASE_STRIP = NO;
				DEBUG_INFORMATION_FORMAT = dwarf;
				ENABLE_STRICT_OBJC_MSGSEND = YES;
				ENABLE_TESTABILITY = YES;
				GCC_C_LANGUAGE_STANDARD = gnu11;
				GCC_DYNAMIC_NO_PIC = NO;
				GCC_NO_COMMON_BLOCKS = YES;
				GCC_OPTIMIZATION_LEVEL = 0;
				GCC_PREPROCESSOR_DEFINITIONS = (
					"DEBUG=1",
					"$(inherited)",
				);
				GCC_WARN_64_TO_32_BIT_CONVERSION = YES;
				GCC_WARN_ABOUT_RETURN_TYPE = YES_ERROR;
				GCC_WARN_UNDECLARED_SELECTOR = YES;
				GCC_WARN_UNINITIALIZED_AUTOS = YES_AGGRESSIVE;
				GCC_WARN_UNUSED_FUNCTION = YES;
				GCC_WARN_UNUSED_VARIABLE = YES;
				IPHONEOS_DEPLOYMENT_TARGET = 11.2;
				MTL_ENABLE_DEBUG_INFO = YES;
				ONLY_ACTIVE_ARCH = YES;
				SDKROOT = iphoneos;
				SWIFT_ACTIVE_COMPILATION_CONDITIONS = DEBUG;
				SWIFT_OPTIMIZATION_LEVEL = "-Onone";
			};
			name = Debug;
		};
		76F1FA3820DBA88100C9191F /* Release */ = {
			isa = XCBuildConfiguration;
			buildSettings = {
				ALWAYS_SEARCH_USER_PATHS = NO;
				CLANG_ANALYZER_NONNULL = YES;
				CLANG_ANALYZER_NUMBER_OBJECT_CONVERSION = YES_AGGRESSIVE;
				CLANG_CXX_LANGUAGE_STANDARD = "gnu++14";
				CLANG_CXX_LIBRARY = "libc++";
				CLANG_ENABLE_MODULES = YES;
				CLANG_ENABLE_OBJC_ARC = YES;
				CLANG_WARN_BLOCK_CAPTURE_AUTORELEASING = YES;
				CLANG_WARN_BOOL_CONVERSION = YES;
				CLANG_WARN_COMMA = YES;
				CLANG_WARN_CONSTANT_CONVERSION = YES;
				CLANG_WARN_DIRECT_OBJC_ISA_USAGE = YES_ERROR;
				CLANG_WARN_DOCUMENTATION_COMMENTS = YES;
				CLANG_WARN_EMPTY_BODY = YES;
				CLANG_WARN_ENUM_CONVERSION = YES;
				CLANG_WARN_INFINITE_RECURSION = YES;
				CLANG_WARN_INT_CONVERSION = YES;
				CLANG_WARN_NON_LITERAL_NULL_CONVERSION = YES;
				CLANG_WARN_OBJC_LITERAL_CONVERSION = YES;
				CLANG_WARN_OBJC_ROOT_CLASS = YES_ERROR;
				CLANG_WARN_RANGE_LOOP_ANALYSIS = YES;
				CLANG_WARN_STRICT_PROTOTYPES = YES;
				CLANG_WARN_SUSPICIOUS_MOVE = YES;
				CLANG_WARN_UNGUARDED_AVAILABILITY = YES_AGGRESSIVE;
				CLANG_WARN_UNREACHABLE_CODE = YES;
				CLANG_WARN__DUPLICATE_METHOD_MATCH = YES;
				CODE_SIGN_IDENTITY = "iPhone Developer";
				COPY_PHASE_STRIP = NO;
				DEBUG_INFORMATION_FORMAT = "dwarf-with-dsym";
				ENABLE_NS_ASSERTIONS = NO;
				ENABLE_STRICT_OBJC_MSGSEND = YES;
				GCC_C_LANGUAGE_STANDARD = gnu11;
				GCC_NO_COMMON_BLOCKS = YES;
				GCC_WARN_64_TO_32_BIT_CONVERSION = YES;
				GCC_WARN_ABOUT_RETURN_TYPE = YES_ERROR;
				GCC_WARN_UNDECLARED_SELECTOR = YES;
				GCC_WARN_UNINITIALIZED_AUTOS = YES_AGGRESSIVE;
				GCC_WARN_UNUSED_FUNCTION = YES;
				GCC_WARN_UNUSED_VARIABLE = YES;
				IPHONEOS_DEPLOYMENT_TARGET = 11.2;
				MTL_ENABLE_DEBUG_INFO = NO;
				SDKROOT = iphoneos;
				SWIFT_OPTIMIZATION_LEVEL = "-Owholemodule";
				VALIDATE_PRODUCT = YES;
			};
			name = Release;
		};
		76F1FA3A20DBA88100C9191F /* Debug */ = {
			isa = XCBuildConfiguration;
			baseConfigurationReference = 66178C740DE1BEC2147F6CD6 /* Pods-RhythmicRebellion.debug.xcconfig */;
			buildSettings = {
				ASSETCATALOG_COMPILER_APPICON_NAME = AppIcon;
				CODE_SIGN_STYLE = Automatic;
				DEVELOPMENT_TEAM = 4M6W632NJ7;
				INFOPLIST_FILE = "$(SRCROOT)/RhythmicRebellion/Supporting Files/Info.plist";
				IPHONEOS_DEPLOYMENT_TARGET = 10.0;
				LD_RUNPATH_SEARCH_PATHS = "$(inherited) @executable_path/Frameworks";
				PRODUCT_BUNDLE_IDENTIFIER = com.olearis.RhythmicRebellion;
				PRODUCT_NAME = "$(TARGET_NAME)";
				SWIFT_VERSION = 4.0;
				TARGETED_DEVICE_FAMILY = "1,2";
			};
			name = Debug;
		};
		76F1FA3B20DBA88100C9191F /* Release */ = {
			isa = XCBuildConfiguration;
			baseConfigurationReference = 83B9F301DB27C972F85A3104 /* Pods-RhythmicRebellion.release.xcconfig */;
			buildSettings = {
				ASSETCATALOG_COMPILER_APPICON_NAME = AppIcon;
				CODE_SIGN_STYLE = Automatic;
				DEVELOPMENT_TEAM = 4M6W632NJ7;
				INFOPLIST_FILE = "$(SRCROOT)/RhythmicRebellion/Supporting Files/Info.plist";
				IPHONEOS_DEPLOYMENT_TARGET = 10.0;
				LD_RUNPATH_SEARCH_PATHS = "$(inherited) @executable_path/Frameworks";
				PRODUCT_BUNDLE_IDENTIFIER = com.olearis.RhythmicRebellion;
				PRODUCT_NAME = "$(TARGET_NAME)";
				SWIFT_VERSION = 4.0;
				TARGETED_DEVICE_FAMILY = "1,2";
			};
			name = Release;
		};
/* End XCBuildConfiguration section */

/* Begin XCConfigurationList section */
		76F1FA2220DBA88100C9191F /* Build configuration list for PBXProject "RhythmicRebellion" */ = {
			isa = XCConfigurationList;
			buildConfigurations = (
				76F1FA3720DBA88100C9191F /* Debug */,
				76F1FA3820DBA88100C9191F /* Release */,
			);
			defaultConfigurationIsVisible = 0;
			defaultConfigurationName = Release;
		};
		76F1FA3920DBA88100C9191F /* Build configuration list for PBXNativeTarget "RhythmicRebellion" */ = {
			isa = XCConfigurationList;
			buildConfigurations = (
				76F1FA3A20DBA88100C9191F /* Debug */,
				76F1FA3B20DBA88100C9191F /* Release */,
			);
			defaultConfigurationIsVisible = 0;
			defaultConfigurationName = Release;
		};
/* End XCConfigurationList section */
	};
	rootObject = 76F1FA1F20DBA88100C9191F /* Project object */;
}
